
Microsoft Visual Studio Solution File, Format Version 12.00
# Visual Studio Version 16
VisualStudioVersion = 16.0.30114.105
MinimumVisualStudioVersion = 10.0.40219.1
Project("{FAE04EC0-301F-11D3-BF4B-00C04F79EFBC}") = "BuberBreakfast.Contracts", "BuberBreakfast.Contracts\BuberBreakfast.Contracts.csproj", "{7326AA08-829A-4E18-86FC-EA13AB075596}"
EndProject
Project("{FAE04EC0-301F-11D3-BF4B-00C04F79EFBC}") = "BuberBreakfast", "BuberBreakfast\BuberBreakfast.csproj", "{855B1E47-EDB4-4BC0-9FB8-33CB53F2D2F9}"
EndProject
Global
	GlobalSection(SolutionConfigurationPlatforms) = preSolution
		Debug|Any CPU = Debug|Any CPU
		Release|Any CPU = Release|Any CPU
	EndGlobalSection
	GlobalSection(SolutionProperties) = preSolution
		HideSolutionNode = FALSE
	EndGlobalSection
	GlobalSection(ProjectConfigurationPlatforms) = postSolution
		{7326AA08-829A-4E18-86FC-EA13AB075596}.Debug|Any CPU.ActiveCfg = Debug|Any CPU
		{7326AA08-829A-4E18-86FC-EA13AB075596}.Debug|Any CPU.Build.0 = Debug|Any CPU
		{7326AA08-829A-4E18-86FC-EA13AB075596}.Release|Any CPU.ActiveCfg = Release|Any CPU
		{7326AA08-829A-4E18-86FC-EA13AB075596}.Release|Any CPU.Build.0 = Release|Any CPU
		{855B1E47-EDB4-4BC0-9FB8-33CB53F2D2F9}.Debug|Any CPU.ActiveCfg = Debug|Any CPU
		{855B1E47-EDB4-4BC0-9FB8-33CB53F2D2F9}.Debug|Any CPU.Build.0 = Debug|Any CPU
		{855B1E47-EDB4-4BC0-9FB8-33CB53F2D2F9}.Release|Any CPU.ActiveCfg = Release|Any CPU
		{855B1E47-EDB4-4BC0-9FB8-33CB53F2D2F9}.Release|Any CPU.Build.0 = Release|Any CPU
	EndGlobalSection
EndGlobal
